// !$*UTF8*$!
{
	archiveVersion = 1;
	classes = {
	};
	objectVersion = 56;
	objects = {

/* Begin PBXBuildFile section */
		2E522BDE2C4ACC0D00FFA145 /* DevicesView.swift in Sources */ = {isa = PBXBuildFile; fileRef = 2E522BDD2C4ACC0D00FFA145 /* DevicesView.swift */; };
		2E522BE02C4ACC1900FFA145 /* Profile.swift in Sources */ = {isa = PBXBuildFile; fileRef = 2E522BDF2C4ACC1900FFA145 /* Profile.swift */; };
		2E522BE22C4ACC2000FFA145 /* SingleDigitTextField.swift in Sources */ = {isa = PBXBuildFile; fileRef = 2E522BE12C4ACC2000FFA145 /* SingleDigitTextField.swift */; };
		2E522BE42C4ACC2700FFA145 /* YandexAuthField.swift in Sources */ = {isa = PBXBuildFile; fileRef = 2E522BE32C4ACC2700FFA145 /* YandexAuthField.swift */; };
		2E522BE62C4AE46C00FFA145 /* DTOs.swift in Sources */ = {isa = PBXBuildFile; fileRef = 2E522BE52C4AE46C00FFA145 /* DTOs.swift */; };
		2E522BE92C4AF79600FFA145 /* ConnectDeviceService.swift in Sources */ = {isa = PBXBuildFile; fileRef = 2E522BE82C4AF79600FFA145 /* ConnectDeviceService.swift */; };
		2E522BEB2C4AF7F600FFA145 /* DateModel.swift in Sources */ = {isa = PBXBuildFile; fileRef = 2E522BEA2C4AF7F600FFA145 /* DateModel.swift */; };
		2E522BED2C4AF84700FFA145 /* MyStepper.swift in Sources */ = {isa = PBXBuildFile; fileRef = 2E522BEC2C4AF84700FFA145 /* MyStepper.swift */; };
		2E97F6BE2C4B4F4B00C7AE66 /* Constants.swift in Sources */ = {isa = PBXBuildFile; fileRef = 2E97F6BD2C4B4F4B00C7AE66 /* Constants.swift */; };
		2E97F6C12C4DEABB00C7AE66 /* ContentView.swift in Sources */ = {isa = PBXBuildFile; fileRef = 2E97F6C02C4DEABB00C7AE66 /* ContentView.swift */; };
		2E97F6C32C4DEAD900C7AE66 /* OnBordingV.swift in Sources */ = {isa = PBXBuildFile; fileRef = 2E97F6C22C4DEAD900C7AE66 /* OnBordingV.swift */; };
		2E97F6C62C4DEDE900C7AE66 /* PlantImage.swift in Sources */ = {isa = PBXBuildFile; fileRef = 2E97F6C52C4DEDE900C7AE66 /* PlantImage.swift */; };
		2E97F6C82C4DEE0700C7AE66 /* PlantModel.swift in Sources */ = {isa = PBXBuildFile; fileRef = 2E97F6C72C4DEE0700C7AE66 /* PlantModel.swift */; };
		2E97F6CA2C4DEE8600C7AE66 /* ChangableAvatarView.swift in Sources */ = {isa = PBXBuildFile; fileRef = 2E97F6C92C4DEE8600C7AE66 /* ChangableAvatarView.swift */; };
		C3DCB3C62C4AA94300359B46 /* WidgetKit.framework in Frameworks */ = {isa = PBXBuildFile; fileRef = C3DCB3C52C4AA94300359B46 /* WidgetKit.framework */; };
		C3DCB3C82C4AA94300359B46 /* SwiftUI.framework in Frameworks */ = {isa = PBXBuildFile; fileRef = C3DCB3C72C4AA94300359B46 /* SwiftUI.framework */; };
		C3DCB3CB2C4AA94400359B46 /* WaterWidgetBundle.swift in Sources */ = {isa = PBXBuildFile; fileRef = C3DCB3CA2C4AA94400359B46 /* WaterWidgetBundle.swift */; };
		C3DCB3CD2C4AA94400359B46 /* WaterWidget.swift in Sources */ = {isa = PBXBuildFile; fileRef = C3DCB3CC2C4AA94400359B46 /* WaterWidget.swift */; };
		C3DCB3CF2C4AA94500359B46 /* Assets.xcassets in Resources */ = {isa = PBXBuildFile; fileRef = C3DCB3CE2C4AA94500359B46 /* Assets.xcassets */; };
		C3DCB3D32C4AA94500359B46 /* WaterWidgetExtension.appex in Embed Foundation Extensions */ = {isa = PBXBuildFile; fileRef = C3DCB3C32C4AA94300359B46 /* WaterWidgetExtension.appex */; settings = {ATTRIBUTES = (RemoveHeadersOnCopy, ); }; };
		C3DCB3DE2C4AA96C00359B46 /* Intents.framework in Frameworks */ = {isa = PBXBuildFile; fileRef = C3DCB3DD2C4AA96C00359B46 /* Intents.framework */; };
		C3DCB3E12C4AA96C00359B46 /* IntentHandler.swift in Sources */ = {isa = PBXBuildFile; fileRef = C3DCB3E02C4AA96C00359B46 /* IntentHandler.swift */; };
		C3DCB3E52C4AA96C00359B46 /* ConfigurationIntent.appex in Embed Foundation Extensions */ = {isa = PBXBuildFile; fileRef = C3DCB3DC2C4AA96C00359B46 /* ConfigurationIntent.appex */; settings = {ATTRIBUTES = (RemoveHeadersOnCopy, ); }; };
		C3DCB3EA2C4AA9BA00359B46 /* ConfigurationIntent.intentdefinition in Sources */ = {isa = PBXBuildFile; fileRef = C3DCB3E92C4AA9BA00359B46 /* ConfigurationIntent.intentdefinition */; };
		C3DCB3EB2C4AA9BA00359B46 /* ConfigurationIntent.intentdefinition in Sources */ = {isa = PBXBuildFile; fileRef = C3DCB3E92C4AA9BA00359B46 /* ConfigurationIntent.intentdefinition */; };
		C3DCB3EC2C4AA9BA00359B46 /* ConfigurationIntent.intentdefinition in Sources */ = {isa = PBXBuildFile; fileRef = C3DCB3E92C4AA9BA00359B46 /* ConfigurationIntent.intentdefinition */; };
		C3DCB3EF2C4AAAEA00359B46 /* EventItem.swift in Sources */ = {isa = PBXBuildFile; fileRef = C3DCB3EE2C4AAAEA00359B46 /* EventItem.swift */; };
		C3DCB3F02C4AAAEA00359B46 /* EventItem.swift in Sources */ = {isa = PBXBuildFile; fileRef = C3DCB3EE2C4AAAEA00359B46 /* EventItem.swift */; };
		C3DCB3F32C4AAB0A00359B46 /* EventStore.swift in Sources */ = {isa = PBXBuildFile; fileRef = C3DCB3F22C4AAB0A00359B46 /* EventStore.swift */; };
		C3DCB3F42C4AAB0A00359B46 /* EventStore.swift in Sources */ = {isa = PBXBuildFile; fileRef = C3DCB3F22C4AAB0A00359B46 /* EventStore.swift */; };
		C3DCB3F52C4AAB0A00359B46 /* EventStore.swift in Sources */ = {isa = PBXBuildFile; fileRef = C3DCB3F22C4AAB0A00359B46 /* EventStore.swift */; };
		C3DCB4042C4E4B3700359B46 /* DTOs.swift in Sources */ = {isa = PBXBuildFile; fileRef = 2E522BE52C4AE46C00FFA145 /* DTOs.swift */; };
		C3DCB4062C4E813E00359B46 /* Localizable.xcstrings in Resources */ = {isa = PBXBuildFile; fileRef = C3DCB4052C4E813D00359B46 /* Localizable.xcstrings */; };
		D20682A62C3B9E3C00C4A319 /* PlantAppApp.swift in Sources */ = {isa = PBXBuildFile; fileRef = D20682A52C3B9E3C00C4A319 /* PlantAppApp.swift */; };
		D20682A82C3B9E3C00C4A319 /* ContentViewAfterOB.swift in Sources */ = {isa = PBXBuildFile; fileRef = D20682A72C3B9E3C00C4A319 /* ContentViewAfterOB.swift */; };
		D20682AA2C3B9E3E00C4A319 /* Assets.xcassets in Resources */ = {isa = PBXBuildFile; fileRef = D20682A92C3B9E3E00C4A319 /* Assets.xcassets */; };
		D20682AD2C3B9E3E00C4A319 /* Preview Assets.xcassets in Resources */ = {isa = PBXBuildFile; fileRef = D20682AC2C3B9E3E00C4A319 /* Preview Assets.xcassets */; };
		D20682B42C3B9EAA00C4A319 /* PlantCollectionView.swift in Sources */ = {isa = PBXBuildFile; fileRef = D20682B32C3B9EAA00C4A319 /* PlantCollectionView.swift */; };
		D20682B62C3B9EBD00C4A319 /* SettingsView.swift in Sources */ = {isa = PBXBuildFile; fileRef = D20682B52C3B9EBD00C4A319 /* SettingsView.swift */; };
		D20682B82C3B9ECC00C4A319 /* AddPlantView.swift in Sources */ = {isa = PBXBuildFile; fileRef = D20682B72C3B9ECC00C4A319 /* AddPlantView.swift */; };
		D20682BE2C3B9F4600C4A319 /* TabBar.swift in Sources */ = {isa = PBXBuildFile; fileRef = D20682BD2C3B9F4600C4A319 /* TabBar.swift */; };
		D20682C02C3B9F9800C4A319 /* SettingsTileView.swift in Sources */ = {isa = PBXBuildFile; fileRef = D20682BF2C3B9F9800C4A319 /* SettingsTileView.swift */; };
		D20682C22C3B9FC300C4A319 /* AppInfoView.swift in Sources */ = {isa = PBXBuildFile; fileRef = D20682C12C3B9FC300C4A319 /* AppInfoView.swift */; };
		D20682C42C3B9FF300C4A319 /* AppearanceView.swift in Sources */ = {isa = PBXBuildFile; fileRef = D20682C32C3B9FF300C4A319 /* AppearanceView.swift */; };
		D20682C62C3BA01500C4A319 /* DeveloperInfoView.swift in Sources */ = {isa = PBXBuildFile; fileRef = D20682C52C3BA01500C4A319 /* DeveloperInfoView.swift */; };
		D20682CB2C3BA28B00C4A319 /* WateringScheduleView.swift in Sources */ = {isa = PBXBuildFile; fileRef = D20682CA2C3BA28B00C4A319 /* WateringScheduleView.swift */; };
		D20682D12C3BA3B500C4A319 /* DetailedScheduleView.swift in Sources */ = {isa = PBXBuildFile; fileRef = D20682D02C3BA3B500C4A319 /* DetailedScheduleView.swift */; };
		D20682D42C3BAB2100C4A319 /* StringExtension.swift in Sources */ = {isa = PBXBuildFile; fileRef = D20682D32C3BAB2100C4A319 /* StringExtension.swift */; };
		D20682D82C3BAEB000C4A319 /* DateTimeFormatter.swift in Sources */ = {isa = PBXBuildFile; fileRef = D20682D72C3BAEB000C4A319 /* DateTimeFormatter.swift */; };
		D20682DB2C3BAF4D00C4A319 /* InformationForPlant.swift in Sources */ = {isa = PBXBuildFile; fileRef = D20682DA2C3BAF4D00C4A319 /* InformationForPlant.swift */; };
		D20682DD2C3BAF7300C4A319 /* PlantInfoField.swift in Sources */ = {isa = PBXBuildFile; fileRef = D20682DC2C3BAF7300C4A319 /* PlantInfoField.swift */; };
		D21D55122C3EC7D700B47123 /* EditCapturedPlantView.swift in Sources */ = {isa = PBXBuildFile; fileRef = D21D55112C3EC7D700B47123 /* EditCapturedPlantView.swift */; };
		D29F7C9E2C3E616A00BBE0DE /* CameraView.swift in Sources */ = {isa = PBXBuildFile; fileRef = D29F7C9D2C3E616A00BBE0DE /* CameraView.swift */; };
		D2A2B3692C3FC1D100164139 /* ColorLightDark.swift in Sources */ = {isa = PBXBuildFile; fileRef = D2A2B3682C3FC1D100164139 /* ColorLightDark.swift */; };
		D2A2B36B2C3FC79800164139 /* ColorExtensions.swift in Sources */ = {isa = PBXBuildFile; fileRef = D2A2B36A2C3FC79800164139 /* ColorExtensions.swift */; };
		D2A2B36E2C40EBA500164139 /* NewDeviceView.swift in Sources */ = {isa = PBXBuildFile; fileRef = D2A2B36D2C40EBA500164139 /* NewDeviceView.swift */; };
		D2A2B3702C40EE0900164139 /* Plant.swift in Sources */ = {isa = PBXBuildFile; fileRef = D2A2B36F2C40EE0900164139 /* Plant.swift */; };
		D2A365DD2C469BE60054A5FC /* WaterService.swift in Sources */ = {isa = PBXBuildFile; fileRef = D2A365DC2C469BE60054A5FC /* WaterService.swift */; };
		D2A365DF2C46B5150054A5FC /* NotificationDelegate.swift in Sources */ = {isa = PBXBuildFile; fileRef = D2A365DE2C46B5150054A5FC /* NotificationDelegate.swift */; };
		D2C739C32C43F9AA0010B6C9 /* FlowerListView.swift in Sources */ = {isa = PBXBuildFile; fileRef = D2C739C22C43F9AA0010B6C9 /* FlowerListView.swift */; };
		D2FF28092C45091F0033A404 /* GreenTextField.swift in Sources */ = {isa = PBXBuildFile; fileRef = D2FF28082C45091F0033A404 /* GreenTextField.swift */; };
		D2FF280B2C453AB10033A404 /* SickPlantView.swift in Sources */ = {isa = PBXBuildFile; fileRef = D2FF280A2C453AB10033A404 /* SickPlantView.swift */; };
		D2FF280F2C454FED0033A404 /* RepeatWatering.swift in Sources */ = {isa = PBXBuildFile; fileRef = D2FF280E2C454FED0033A404 /* RepeatWatering.swift */; };
		D2FF28112C4550DF0033A404 /* DeviceModel.swift in Sources */ = {isa = PBXBuildFile; fileRef = D2FF28102C4550DF0033A404 /* DeviceModel.swift */; };
		D2FF28152C45521A0033A404 /* DeviceListView.swift in Sources */ = {isa = PBXBuildFile; fileRef = D2FF28142C45521A0033A404 /* DeviceListView.swift */; };
		D2FF28172C45524B0033A404 /* SettingsDeviceListView.swift in Sources */ = {isa = PBXBuildFile; fileRef = D2FF28162C45524B0033A404 /* SettingsDeviceListView.swift */; };
		D2FF28192C4552690033A404 /* DeviceTileView.swift in Sources */ = {isa = PBXBuildFile; fileRef = D2FF28182C4552690033A404 /* DeviceTileView.swift */; };
		D2FF281B2C4552980033A404 /* SettingsDeviceTileView.swift in Sources */ = {isa = PBXBuildFile; fileRef = D2FF281A2C4552980033A404 /* SettingsDeviceTileView.swift */; };
/* End PBXBuildFile section */

/* Begin PBXContainerItemProxy section */
		C3DCB3D12C4AA94500359B46 /* PBXContainerItemProxy */ = {
			isa = PBXContainerItemProxy;
			containerPortal = D206829A2C3B9E3C00C4A319 /* Project object */;
			proxyType = 1;
			remoteGlobalIDString = C3DCB3C22C4AA94300359B46;
			remoteInfo = WaterWidgetExtension;
		};
		C3DCB3E32C4AA96C00359B46 /* PBXContainerItemProxy */ = {
			isa = PBXContainerItemProxy;
			containerPortal = D206829A2C3B9E3C00C4A319 /* Project object */;
			proxyType = 1;
			remoteGlobalIDString = C3DCB3DB2C4AA96C00359B46;
			remoteInfo = ConfigurationIntent;
		};
/* End PBXContainerItemProxy section */

/* Begin PBXCopyFilesBuildPhase section */
		C3DCB3D42C4AA94500359B46 /* Embed Foundation Extensions */ = {
			isa = PBXCopyFilesBuildPhase;
			buildActionMask = 2147483647;
			dstPath = "";
			dstSubfolderSpec = 13;
			files = (
				C3DCB3D32C4AA94500359B46 /* WaterWidgetExtension.appex in Embed Foundation Extensions */,
				C3DCB3E52C4AA96C00359B46 /* ConfigurationIntent.appex in Embed Foundation Extensions */,
			);
			name = "Embed Foundation Extensions";
			runOnlyForDeploymentPostprocessing = 0;
		};
/* End PBXCopyFilesBuildPhase section */

/* Begin PBXFileReference section */
		2E522BDD2C4ACC0D00FFA145 /* DevicesView.swift */ = {isa = PBXFileReference; fileEncoding = 4; lastKnownFileType = sourcecode.swift; path = DevicesView.swift; sourceTree = "<group>"; };
		2E522BDF2C4ACC1900FFA145 /* Profile.swift */ = {isa = PBXFileReference; fileEncoding = 4; lastKnownFileType = sourcecode.swift; path = Profile.swift; sourceTree = "<group>"; };
		2E522BE12C4ACC2000FFA145 /* SingleDigitTextField.swift */ = {isa = PBXFileReference; fileEncoding = 4; lastKnownFileType = sourcecode.swift; path = SingleDigitTextField.swift; sourceTree = "<group>"; };
		2E522BE32C4ACC2700FFA145 /* YandexAuthField.swift */ = {isa = PBXFileReference; fileEncoding = 4; lastKnownFileType = sourcecode.swift; path = YandexAuthField.swift; sourceTree = "<group>"; };
		2E522BE52C4AE46C00FFA145 /* DTOs.swift */ = {isa = PBXFileReference; lastKnownFileType = sourcecode.swift; path = DTOs.swift; sourceTree = "<group>"; };
		2E522BE82C4AF79600FFA145 /* ConnectDeviceService.swift */ = {isa = PBXFileReference; lastKnownFileType = sourcecode.swift; path = ConnectDeviceService.swift; sourceTree = "<group>"; };
		2E522BEA2C4AF7F600FFA145 /* DateModel.swift */ = {isa = PBXFileReference; lastKnownFileType = sourcecode.swift; path = DateModel.swift; sourceTree = "<group>"; };
		2E522BEC2C4AF84700FFA145 /* MyStepper.swift */ = {isa = PBXFileReference; lastKnownFileType = sourcecode.swift; path = MyStepper.swift; sourceTree = "<group>"; };
		2E97F6BD2C4B4F4B00C7AE66 /* Constants.swift */ = {isa = PBXFileReference; lastKnownFileType = sourcecode.swift; path = Constants.swift; sourceTree = "<group>"; };
		2E97F6C02C4DEABB00C7AE66 /* ContentView.swift */ = {isa = PBXFileReference; lastKnownFileType = sourcecode.swift; path = ContentView.swift; sourceTree = "<group>"; };
		2E97F6C22C4DEAD900C7AE66 /* OnBordingV.swift */ = {isa = PBXFileReference; lastKnownFileType = sourcecode.swift; path = OnBordingV.swift; sourceTree = "<group>"; };
		2E97F6C52C4DEDE900C7AE66 /* PlantImage.swift */ = {isa = PBXFileReference; lastKnownFileType = sourcecode.swift; path = PlantImage.swift; sourceTree = "<group>"; };
		2E97F6C72C4DEE0700C7AE66 /* PlantModel.swift */ = {isa = PBXFileReference; lastKnownFileType = sourcecode.swift; path = PlantModel.swift; sourceTree = "<group>"; };
		2E97F6C92C4DEE8600C7AE66 /* ChangableAvatarView.swift */ = {isa = PBXFileReference; lastKnownFileType = sourcecode.swift; path = ChangableAvatarView.swift; sourceTree = "<group>"; };
		2EE2E7712C50A34900F8EB0A /* PlantApp.entitlements */ = {isa = PBXFileReference; lastKnownFileType = text.plist.entitlements; path = PlantApp.entitlements; sourceTree = "<group>"; };
		2EE2E7722C50A3A900F8EB0A /* WaterWidgetExtension.entitlements */ = {isa = PBXFileReference; lastKnownFileType = text.plist.entitlements; path = WaterWidgetExtension.entitlements; sourceTree = "<group>"; };
		2EE2E7732C50A41000F8EB0A /* ConfigurationIntent.entitlements */ = {isa = PBXFileReference; lastKnownFileType = text.plist.entitlements; path = ConfigurationIntent.entitlements; sourceTree = "<group>"; };
		C3DCB3C32C4AA94300359B46 /* WaterWidgetExtension.appex */ = {isa = PBXFileReference; explicitFileType = "wrapper.app-extension"; includeInIndex = 0; path = WaterWidgetExtension.appex; sourceTree = BUILT_PRODUCTS_DIR; };
		C3DCB3C52C4AA94300359B46 /* WidgetKit.framework */ = {isa = PBXFileReference; lastKnownFileType = wrapper.framework; name = WidgetKit.framework; path = System/Library/Frameworks/WidgetKit.framework; sourceTree = SDKROOT; };
		C3DCB3C72C4AA94300359B46 /* SwiftUI.framework */ = {isa = PBXFileReference; lastKnownFileType = wrapper.framework; name = SwiftUI.framework; path = System/Library/Frameworks/SwiftUI.framework; sourceTree = SDKROOT; };
		C3DCB3CA2C4AA94400359B46 /* WaterWidgetBundle.swift */ = {isa = PBXFileReference; lastKnownFileType = sourcecode.swift; path = WaterWidgetBundle.swift; sourceTree = "<group>"; };
		C3DCB3CC2C4AA94400359B46 /* WaterWidget.swift */ = {isa = PBXFileReference; lastKnownFileType = sourcecode.swift; path = WaterWidget.swift; sourceTree = "<group>"; };
		C3DCB3CE2C4AA94500359B46 /* Assets.xcassets */ = {isa = PBXFileReference; lastKnownFileType = folder.assetcatalog; path = Assets.xcassets; sourceTree = "<group>"; };
		C3DCB3D02C4AA94500359B46 /* Info.plist */ = {isa = PBXFileReference; lastKnownFileType = text.plist.xml; path = Info.plist; sourceTree = "<group>"; };
		C3DCB3DC2C4AA96C00359B46 /* ConfigurationIntent.appex */ = {isa = PBXFileReference; explicitFileType = "wrapper.app-extension"; includeInIndex = 0; path = ConfigurationIntent.appex; sourceTree = BUILT_PRODUCTS_DIR; };
		C3DCB3DD2C4AA96C00359B46 /* Intents.framework */ = {isa = PBXFileReference; lastKnownFileType = wrapper.framework; name = Intents.framework; path = System/Library/Frameworks/Intents.framework; sourceTree = SDKROOT; };
		C3DCB3E02C4AA96C00359B46 /* IntentHandler.swift */ = {isa = PBXFileReference; lastKnownFileType = sourcecode.swift; path = IntentHandler.swift; sourceTree = "<group>"; };
		C3DCB3E22C4AA96C00359B46 /* Info.plist */ = {isa = PBXFileReference; lastKnownFileType = text.plist.xml; path = Info.plist; sourceTree = "<group>"; };
		C3DCB3E92C4AA9BA00359B46 /* ConfigurationIntent.intentdefinition */ = {isa = PBXFileReference; lastKnownFileType = file.intentdefinition; path = ConfigurationIntent.intentdefinition; sourceTree = "<group>"; };
		C3DCB3ED2C4AAA1700359B46 /* Info.plist */ = {isa = PBXFileReference; lastKnownFileType = text.plist; path = Info.plist; sourceTree = "<group>"; };
		C3DCB3EE2C4AAAEA00359B46 /* EventItem.swift */ = {isa = PBXFileReference; lastKnownFileType = sourcecode.swift; path = EventItem.swift; sourceTree = "<group>"; };
		C3DCB3F22C4AAB0A00359B46 /* EventStore.swift */ = {isa = PBXFileReference; lastKnownFileType = sourcecode.swift; path = EventStore.swift; sourceTree = "<group>"; };
		C3DCB3F62C4AAB7100359B46 /* Info.plist */ = {isa = PBXFileReference; fileEncoding = 4; lastKnownFileType = text.plist.xml; path = Info.plist; sourceTree = "<group>"; };
		C3DCB4052C4E813D00359B46 /* Localizable.xcstrings */ = {isa = PBXFileReference; fileEncoding = 4; lastKnownFileType = text.json.xcstrings; path = Localizable.xcstrings; sourceTree = "<group>"; };
		D20682A22C3B9E3C00C4A319 /* PlantApp.app */ = {isa = PBXFileReference; explicitFileType = wrapper.application; includeInIndex = 0; path = PlantApp.app; sourceTree = BUILT_PRODUCTS_DIR; };
		D20682A52C3B9E3C00C4A319 /* PlantAppApp.swift */ = {isa = PBXFileReference; lastKnownFileType = sourcecode.swift; path = PlantAppApp.swift; sourceTree = "<group>"; };
		D20682A72C3B9E3C00C4A319 /* ContentViewAfterOB.swift */ = {isa = PBXFileReference; lastKnownFileType = sourcecode.swift; path = ContentViewAfterOB.swift; sourceTree = "<group>"; };
		D20682A92C3B9E3E00C4A319 /* Assets.xcassets */ = {isa = PBXFileReference; lastKnownFileType = folder.assetcatalog; path = Assets.xcassets; sourceTree = "<group>"; };
		D20682AC2C3B9E3E00C4A319 /* Preview Assets.xcassets */ = {isa = PBXFileReference; lastKnownFileType = folder.assetcatalog; path = "Preview Assets.xcassets"; sourceTree = "<group>"; };
		D20682B32C3B9EAA00C4A319 /* PlantCollectionView.swift */ = {isa = PBXFileReference; lastKnownFileType = sourcecode.swift; path = PlantCollectionView.swift; sourceTree = "<group>"; };
		D20682B52C3B9EBD00C4A319 /* SettingsView.swift */ = {isa = PBXFileReference; lastKnownFileType = sourcecode.swift; path = SettingsView.swift; sourceTree = "<group>"; };
		D20682B72C3B9ECC00C4A319 /* AddPlantView.swift */ = {isa = PBXFileReference; lastKnownFileType = sourcecode.swift; path = AddPlantView.swift; sourceTree = "<group>"; };
		D20682BD2C3B9F4600C4A319 /* TabBar.swift */ = {isa = PBXFileReference; lastKnownFileType = sourcecode.swift; path = TabBar.swift; sourceTree = "<group>"; };
		D20682BF2C3B9F9800C4A319 /* SettingsTileView.swift */ = {isa = PBXFileReference; lastKnownFileType = sourcecode.swift; path = SettingsTileView.swift; sourceTree = "<group>"; };
		D20682C12C3B9FC300C4A319 /* AppInfoView.swift */ = {isa = PBXFileReference; lastKnownFileType = sourcecode.swift; path = AppInfoView.swift; sourceTree = "<group>"; };
		D20682C32C3B9FF300C4A319 /* AppearanceView.swift */ = {isa = PBXFileReference; lastKnownFileType = sourcecode.swift; path = AppearanceView.swift; sourceTree = "<group>"; };
		D20682C52C3BA01500C4A319 /* DeveloperInfoView.swift */ = {isa = PBXFileReference; lastKnownFileType = sourcecode.swift; path = DeveloperInfoView.swift; sourceTree = "<group>"; };
		D20682CA2C3BA28B00C4A319 /* WateringScheduleView.swift */ = {isa = PBXFileReference; lastKnownFileType = sourcecode.swift; path = WateringScheduleView.swift; sourceTree = "<group>"; };
		D20682D02C3BA3B500C4A319 /* DetailedScheduleView.swift */ = {isa = PBXFileReference; lastKnownFileType = sourcecode.swift; path = DetailedScheduleView.swift; sourceTree = "<group>"; };
		D20682D32C3BAB2100C4A319 /* StringExtension.swift */ = {isa = PBXFileReference; lastKnownFileType = sourcecode.swift; path = StringExtension.swift; sourceTree = "<group>"; };
		D20682D72C3BAEB000C4A319 /* DateTimeFormatter.swift */ = {isa = PBXFileReference; lastKnownFileType = sourcecode.swift; path = DateTimeFormatter.swift; sourceTree = "<group>"; };
		D20682DA2C3BAF4D00C4A319 /* InformationForPlant.swift */ = {isa = PBXFileReference; lastKnownFileType = sourcecode.swift; path = InformationForPlant.swift; sourceTree = "<group>"; };
		D20682DC2C3BAF7300C4A319 /* PlantInfoField.swift */ = {isa = PBXFileReference; lastKnownFileType = sourcecode.swift; path = PlantInfoField.swift; sourceTree = "<group>"; };
		D21D55112C3EC7D700B47123 /* EditCapturedPlantView.swift */ = {isa = PBXFileReference; lastKnownFileType = sourcecode.swift; path = EditCapturedPlantView.swift; sourceTree = "<group>"; };
		D29F7C9D2C3E616A00BBE0DE /* CameraView.swift */ = {isa = PBXFileReference; lastKnownFileType = sourcecode.swift; path = CameraView.swift; sourceTree = "<group>"; };
		D2A2B3682C3FC1D100164139 /* ColorLightDark.swift */ = {isa = PBXFileReference; lastKnownFileType = sourcecode.swift; path = ColorLightDark.swift; sourceTree = "<group>"; };
		D2A2B36A2C3FC79800164139 /* ColorExtensions.swift */ = {isa = PBXFileReference; lastKnownFileType = sourcecode.swift; path = ColorExtensions.swift; sourceTree = "<group>"; };
		D2A2B36D2C40EBA500164139 /* NewDeviceView.swift */ = {isa = PBXFileReference; lastKnownFileType = sourcecode.swift; path = NewDeviceView.swift; sourceTree = "<group>"; };
		D2A2B36F2C40EE0900164139 /* Plant.swift */ = {isa = PBXFileReference; lastKnownFileType = sourcecode.swift; path = Plant.swift; sourceTree = "<group>"; };
		D2A365DC2C469BE60054A5FC /* WaterService.swift */ = {isa = PBXFileReference; lastKnownFileType = sourcecode.swift; path = WaterService.swift; sourceTree = "<group>"; };
		D2A365DE2C46B5150054A5FC /* NotificationDelegate.swift */ = {isa = PBXFileReference; lastKnownFileType = sourcecode.swift; path = NotificationDelegate.swift; sourceTree = "<group>"; };
		D2C739C22C43F9AA0010B6C9 /* FlowerListView.swift */ = {isa = PBXFileReference; lastKnownFileType = sourcecode.swift; path = FlowerListView.swift; sourceTree = "<group>"; };
		D2FF28082C45091F0033A404 /* GreenTextField.swift */ = {isa = PBXFileReference; lastKnownFileType = sourcecode.swift; path = GreenTextField.swift; sourceTree = "<group>"; };
		D2FF280A2C453AB10033A404 /* SickPlantView.swift */ = {isa = PBXFileReference; lastKnownFileType = sourcecode.swift; path = SickPlantView.swift; sourceTree = "<group>"; };
		D2FF280E2C454FED0033A404 /* RepeatWatering.swift */ = {isa = PBXFileReference; lastKnownFileType = sourcecode.swift; path = RepeatWatering.swift; sourceTree = "<group>"; };
		D2FF28102C4550DF0033A404 /* DeviceModel.swift */ = {isa = PBXFileReference; lastKnownFileType = sourcecode.swift; path = DeviceModel.swift; sourceTree = "<group>"; };
		D2FF28142C45521A0033A404 /* DeviceListView.swift */ = {isa = PBXFileReference; lastKnownFileType = sourcecode.swift; path = DeviceListView.swift; sourceTree = "<group>"; };
		D2FF28162C45524B0033A404 /* SettingsDeviceListView.swift */ = {isa = PBXFileReference; lastKnownFileType = sourcecode.swift; path = SettingsDeviceListView.swift; sourceTree = "<group>"; };
		D2FF28182C4552690033A404 /* DeviceTileView.swift */ = {isa = PBXFileReference; lastKnownFileType = sourcecode.swift; path = DeviceTileView.swift; sourceTree = "<group>"; };
		D2FF281A2C4552980033A404 /* SettingsDeviceTileView.swift */ = {isa = PBXFileReference; lastKnownFileType = sourcecode.swift; path = SettingsDeviceTileView.swift; sourceTree = "<group>"; };
/* End PBXFileReference section */

/* Begin PBXFrameworksBuildPhase section */
		C3DCB3C02C4AA94300359B46 /* Frameworks */ = {
			isa = PBXFrameworksBuildPhase;
			buildActionMask = 2147483647;
			files = (
				C3DCB3C82C4AA94300359B46 /* SwiftUI.framework in Frameworks */,
				C3DCB3C62C4AA94300359B46 /* WidgetKit.framework in Frameworks */,
			);
			runOnlyForDeploymentPostprocessing = 0;
		};
		C3DCB3D92C4AA96C00359B46 /* Frameworks */ = {
			isa = PBXFrameworksBuildPhase;
			buildActionMask = 2147483647;
			files = (
				C3DCB3DE2C4AA96C00359B46 /* Intents.framework in Frameworks */,
			);
			runOnlyForDeploymentPostprocessing = 0;
		};
		D206829F2C3B9E3C00C4A319 /* Frameworks */ = {
			isa = PBXFrameworksBuildPhase;
			buildActionMask = 2147483647;
			files = (
			);
			runOnlyForDeploymentPostprocessing = 0;
		};
/* End PBXFrameworksBuildPhase section */

/* Begin PBXGroup section */
		2E522BDC2C4ACBC800FFA145 /* Profile */ = {
			isa = PBXGroup;
			children = (
				2E522BDD2C4ACC0D00FFA145 /* DevicesView.swift */,
				2E522BE52C4AE46C00FFA145 /* DTOs.swift */,
				2E522BE32C4ACC2700FFA145 /* YandexAuthField.swift */,
				2E522BE12C4ACC2000FFA145 /* SingleDigitTextField.swift */,
			);
			path = Profile;
			sourceTree = "<group>";
		};
		2E522BE72C4AF76900FFA145 /* Services */ = {
			isa = PBXGroup;
			children = (
				D2A365DC2C469BE60054A5FC /* WaterService.swift */,
				2E522BE82C4AF79600FFA145 /* ConnectDeviceService.swift */,
			);
			path = Services;
			sourceTree = "<group>";
		};
		2E97F6BF2C4DEAA100C7AE66 /* OnBording */ = {
			isa = PBXGroup;
			children = (
				2E97F6C02C4DEABB00C7AE66 /* ContentView.swift */,
				2E97F6C22C4DEAD900C7AE66 /* OnBordingV.swift */,
			);
			path = OnBording;
			sourceTree = "<group>";
		};
		2E97F6C42C4DEDDD00C7AE66 /* PlantsGalery */ = {
			isa = PBXGroup;
			children = (
				2E97F6C52C4DEDE900C7AE66 /* PlantImage.swift */,
				2E97F6C72C4DEE0700C7AE66 /* PlantModel.swift */,
				2E97F6C92C4DEE8600C7AE66 /* ChangableAvatarView.swift */,
			);
			path = PlantsGalery;
			sourceTree = "<group>";
		};
		C3DCB3C42C4AA94300359B46 /* Frameworks */ = {
			isa = PBXGroup;
			children = (
				C3DCB3C52C4AA94300359B46 /* WidgetKit.framework */,
				C3DCB3C72C4AA94300359B46 /* SwiftUI.framework */,
				C3DCB3DD2C4AA96C00359B46 /* Intents.framework */,
			);
			name = Frameworks;
			sourceTree = "<group>";
		};
		C3DCB3C92C4AA94400359B46 /* WaterWidget */ = {
			isa = PBXGroup;
			children = (
				C3DCB3CA2C4AA94400359B46 /* WaterWidgetBundle.swift */,
				C3DCB3CC2C4AA94400359B46 /* WaterWidget.swift */,
				C3DCB3E92C4AA9BA00359B46 /* ConfigurationIntent.intentdefinition */,
				C3DCB3CE2C4AA94500359B46 /* Assets.xcassets */,
				C3DCB3D02C4AA94500359B46 /* Info.plist */,
			);
			path = WaterWidget;
			sourceTree = "<group>";
		};
		C3DCB3DF2C4AA96C00359B46 /* ConfigurationIntent */ = {
			isa = PBXGroup;
			children = (
				2EE2E7732C50A41000F8EB0A /* ConfigurationIntent.entitlements */,
				C3DCB3E02C4AA96C00359B46 /* IntentHandler.swift */,
				C3DCB3E22C4AA96C00359B46 /* Info.plist */,
			);
			path = ConfigurationIntent;
			sourceTree = "<group>";
		};
		C3DCB3F72C4AAB7100359B46 /* iOS */ = {
			isa = PBXGroup;
			children = (
				C3DCB3F62C4AAB7100359B46 /* Info.plist */,
			);
			path = iOS;
			sourceTree = "<group>";
		};
		D20682992C3B9E3C00C4A319 = {
			isa = PBXGroup;
			children = (
				2EE2E7722C50A3A900F8EB0A /* WaterWidgetExtension.entitlements */,
				C3DCB3F72C4AAB7100359B46 /* iOS */,
				C3DCB3F22C4AAB0A00359B46 /* EventStore.swift */,
				C3DCB3EE2C4AAAEA00359B46 /* EventItem.swift */,
				C3DCB4052C4E813D00359B46 /* Localizable.xcstrings */,
				D20682A42C3B9E3C00C4A319 /* PlantApp */,
				C3DCB3C92C4AA94400359B46 /* WaterWidget */,
				C3DCB3DF2C4AA96C00359B46 /* ConfigurationIntent */,
				C3DCB3C42C4AA94300359B46 /* Frameworks */,
				D20682A32C3B9E3C00C4A319 /* Products */,
			);
			sourceTree = "<group>";
		};
		D20682A32C3B9E3C00C4A319 /* Products */ = {
			isa = PBXGroup;
			children = (
				D20682A22C3B9E3C00C4A319 /* PlantApp.app */,
				C3DCB3C32C4AA94300359B46 /* WaterWidgetExtension.appex */,
				C3DCB3DC2C4AA96C00359B46 /* ConfigurationIntent.appex */,
			);
			name = Products;
			sourceTree = "<group>";
		};
		D20682A42C3B9E3C00C4A319 /* PlantApp */ = {
			isa = PBXGroup;
			children = (
				2EE2E7712C50A34900F8EB0A /* PlantApp.entitlements */,
				2E97F6C42C4DEDDD00C7AE66 /* PlantsGalery */,
				2E97F6BF2C4DEAA100C7AE66 /* OnBording */,
				C3DCB3ED2C4AAA1700359B46 /* Info.plist */,
				2E522BE72C4AF76900FFA145 /* Services */,
				D2FF280D2C454FC80033A404 /* Models */,
				D20682D22C3BAAD700C4A319 /* Utils */,
				D20682BC2C3B9F2F00C4A319 /* Components */,
				D20682BB2C3B9EF700C4A319 /* PlantCollection */,
				D20682BA2C3B9EE800C4A319 /* AddPlant */,
				D20682B92C3B9ED000C4A319 /* Settings */,
				D20682A52C3B9E3C00C4A319 /* PlantAppApp.swift */,
				2E97F6BD2C4B4F4B00C7AE66 /* Constants.swift */,
				D20682A72C3B9E3C00C4A319 /* ContentViewAfterOB.swift */,
				D20682A92C3B9E3E00C4A319 /* Assets.xcassets */,
				D20682AB2C3B9E3E00C4A319 /* Preview Content */,
				D2A365DE2C46B5150054A5FC /* NotificationDelegate.swift */,
			);
			path = PlantApp;
			sourceTree = "<group>";
		};
		D20682AB2C3B9E3E00C4A319 /* Preview Content */ = {
			isa = PBXGroup;
			children = (
				D20682AC2C3B9E3E00C4A319 /* Preview Assets.xcassets */,
			);
			path = "Preview Content";
			sourceTree = "<group>";
		};
		D20682B92C3B9ED000C4A319 /* Settings */ = {
			isa = PBXGroup;
			children = (
				D2FF280C2C453AB50033A404 /* SickPlant */,
				D2A2B36C2C40EB9200164139 /* Device */,
				D20682C92C3BA27600C4A319 /* Schedule */,
				D20682C82C3BA03D00C4A319 /* About */,
				D20682C72C3BA02700C4A319 /* Appearance */,
				D20682B52C3B9EBD00C4A319 /* SettingsView.swift */,
				D20682BF2C3B9F9800C4A319 /* SettingsTileView.swift */,
			);
			path = Settings;
			sourceTree = "<group>";
		};
		D20682BA2C3B9EE800C4A319 /* AddPlant */ = {
			isa = PBXGroup;
			children = (
				D20682B72C3B9ECC00C4A319 /* AddPlantView.swift */,
				D29F7C9D2C3E616A00BBE0DE /* CameraView.swift */,
				D21D55112C3EC7D700B47123 /* EditCapturedPlantView.swift */,
			);
			path = AddPlant;
			sourceTree = "<group>";
		};
		D20682BB2C3B9EF700C4A319 /* PlantCollection */ = {
			isa = PBXGroup;
			children = (
				D20682D92C3BAF3B00C4A319 /* PlantDetails */,
				D20682B32C3B9EAA00C4A319 /* PlantCollectionView.swift */,
				D2C739C22C43F9AA0010B6C9 /* FlowerListView.swift */,
			);
			path = PlantCollection;
			sourceTree = "<group>";
		};
		D20682BC2C3B9F2F00C4A319 /* Components */ = {
			isa = PBXGroup;
			children = (
				D20682BD2C3B9F4600C4A319 /* TabBar.swift */,
				2E522BEC2C4AF84700FFA145 /* MyStepper.swift */,
				D2FF28082C45091F0033A404 /* GreenTextField.swift */,
			);
			path = Components;
			sourceTree = "<group>";
		};
		D20682C72C3BA02700C4A319 /* Appearance */ = {
			isa = PBXGroup;
			children = (
				D20682C32C3B9FF300C4A319 /* AppearanceView.swift */,
			);
			path = Appearance;
			sourceTree = "<group>";
		};
		D20682C82C3BA03D00C4A319 /* About */ = {
			isa = PBXGroup;
			children = (
				D20682C12C3B9FC300C4A319 /* AppInfoView.swift */,
				D20682C52C3BA01500C4A319 /* DeveloperInfoView.swift */,
			);
			path = About;
			sourceTree = "<group>";
		};
		D20682C92C3BA27600C4A319 /* Schedule */ = {
			isa = PBXGroup;
			children = (
				D20682CA2C3BA28B00C4A319 /* WateringScheduleView.swift */,
				D20682D02C3BA3B500C4A319 /* DetailedScheduleView.swift */,
			);
			path = Schedule;
			sourceTree = "<group>";
		};
		D20682D22C3BAAD700C4A319 /* Utils */ = {
			isa = PBXGroup;
			children = (
				D2A2B3682C3FC1D100164139 /* ColorLightDark.swift */,
				D20682D32C3BAB2100C4A319 /* StringExtension.swift */,
				D20682D72C3BAEB000C4A319 /* DateTimeFormatter.swift */,
				D2A2B36A2C3FC79800164139 /* ColorExtensions.swift */,
			);
			path = Utils;
			sourceTree = "<group>";
		};
		D20682D92C3BAF3B00C4A319 /* PlantDetails */ = {
			isa = PBXGroup;
			children = (
				D20682DA2C3BAF4D00C4A319 /* InformationForPlant.swift */,
				D20682DC2C3BAF7300C4A319 /* PlantInfoField.swift */,
			);
			path = PlantDetails;
			sourceTree = "<group>";
		};
		D2A2B36C2C40EB9200164139 /* Device */ = {
			isa = PBXGroup;
			children = (
				2E522BDC2C4ACBC800FFA145 /* Profile */,
				D2A2B36D2C40EBA500164139 /* NewDeviceView.swift */,
				2E522BDF2C4ACC1900FFA145 /* Profile.swift */,
				D2FF28142C45521A0033A404 /* DeviceListView.swift */,
				D2FF28162C45524B0033A404 /* SettingsDeviceListView.swift */,
				D2FF28182C4552690033A404 /* DeviceTileView.swift */,
				D2FF281A2C4552980033A404 /* SettingsDeviceTileView.swift */,
			);
			path = Device;
			sourceTree = "<group>";
		};
		D2FF280C2C453AB50033A404 /* SickPlant */ = {
			isa = PBXGroup;
			children = (
				D2FF280A2C453AB10033A404 /* SickPlantView.swift */,
			);
			path = SickPlant;
			sourceTree = "<group>";
		};
		D2FF280D2C454FC80033A404 /* Models */ = {
			isa = PBXGroup;
			children = (
				D2FF28102C4550DF0033A404 /* DeviceModel.swift */,
				D2A2B36F2C40EE0900164139 /* Plant.swift */,
				D2FF280E2C454FED0033A404 /* RepeatWatering.swift */,
				2E522BEA2C4AF7F600FFA145 /* DateModel.swift */,
			);
			path = Models;
			sourceTree = "<group>";
		};
/* End PBXGroup section */

/* Begin PBXNativeTarget section */
		C3DCB3C22C4AA94300359B46 /* WaterWidgetExtension */ = {
			isa = PBXNativeTarget;
			buildConfigurationList = C3DCB3D72C4AA94500359B46 /* Build configuration list for PBXNativeTarget "WaterWidgetExtension" */;
			buildPhases = (
				C3DCB3BF2C4AA94300359B46 /* Sources */,
				C3DCB3C02C4AA94300359B46 /* Frameworks */,
				C3DCB3C12C4AA94300359B46 /* Resources */,
			);
			buildRules = (
			);
			dependencies = (
			);
			name = WaterWidgetExtension;
			productName = WaterWidgetExtension;
			productReference = C3DCB3C32C4AA94300359B46 /* WaterWidgetExtension.appex */;
			productType = "com.apple.product-type.app-extension";
		};
		C3DCB3DB2C4AA96C00359B46 /* ConfigurationIntent */ = {
			isa = PBXNativeTarget;
			buildConfigurationList = C3DCB3E62C4AA96C00359B46 /* Build configuration list for PBXNativeTarget "ConfigurationIntent" */;
			buildPhases = (
				C3DCB3D82C4AA96C00359B46 /* Sources */,
				C3DCB3D92C4AA96C00359B46 /* Frameworks */,
				C3DCB3DA2C4AA96C00359B46 /* Resources */,
			);
			buildRules = (
			);
			dependencies = (
			);
			name = ConfigurationIntent;
			productName = ConfigurationIntent;
			productReference = C3DCB3DC2C4AA96C00359B46 /* ConfigurationIntent.appex */;
			productType = "com.apple.product-type.app-extension";
		};
		D20682A12C3B9E3C00C4A319 /* PlantApp */ = {
			isa = PBXNativeTarget;
			buildConfigurationList = D20682B02C3B9E3E00C4A319 /* Build configuration list for PBXNativeTarget "PlantApp" */;
			buildPhases = (
				D206829E2C3B9E3C00C4A319 /* Sources */,
				D206829F2C3B9E3C00C4A319 /* Frameworks */,
				D20682A02C3B9E3C00C4A319 /* Resources */,
				C3DCB3D42C4AA94500359B46 /* Embed Foundation Extensions */,
			);
			buildRules = (
			);
			dependencies = (
				C3DCB3D22C4AA94500359B46 /* PBXTargetDependency */,
				C3DCB3E42C4AA96C00359B46 /* PBXTargetDependency */,
			);
			name = PlantApp;
			productName = PlantApp;
			productReference = D20682A22C3B9E3C00C4A319 /* PlantApp.app */;
			productType = "com.apple.product-type.application";
		};
/* End PBXNativeTarget section */

/* Begin PBXProject section */
		D206829A2C3B9E3C00C4A319 /* Project object */ = {
			isa = PBXProject;
			attributes = {
				BuildIndependentTargetsInParallel = 1;
				LastSwiftUpdateCheck = 1540;
				LastUpgradeCheck = 1430;
				TargetAttributes = {
					C3DCB3C22C4AA94300359B46 = {
						CreatedOnToolsVersion = 15.4;
					};
					C3DCB3DB2C4AA96C00359B46 = {
						CreatedOnToolsVersion = 15.4;
					};
					D20682A12C3B9E3C00C4A319 = {
						CreatedOnToolsVersion = 14.3.1;
					};
				};
			};
			buildConfigurationList = D206829D2C3B9E3C00C4A319 /* Build configuration list for PBXProject "PlantApp" */;
			compatibilityVersion = "Xcode 14.0";
			developmentRegion = en;
			hasScannedForEncodings = 0;
			knownRegions = (
				en,
				Base,
				ru,
			);
			mainGroup = D20682992C3B9E3C00C4A319;
			productRefGroup = D20682A32C3B9E3C00C4A319 /* Products */;
			projectDirPath = "";
			projectRoot = "";
			targets = (
				D20682A12C3B9E3C00C4A319 /* PlantApp */,
				C3DCB3C22C4AA94300359B46 /* WaterWidgetExtension */,
				C3DCB3DB2C4AA96C00359B46 /* ConfigurationIntent */,
			);
		};
/* End PBXProject section */

/* Begin PBXResourcesBuildPhase section */
		C3DCB3C12C4AA94300359B46 /* Resources */ = {
			isa = PBXResourcesBuildPhase;
			buildActionMask = 2147483647;
			files = (
				C3DCB3CF2C4AA94500359B46 /* Assets.xcassets in Resources */,
			);
			runOnlyForDeploymentPostprocessing = 0;
		};
		C3DCB3DA2C4AA96C00359B46 /* Resources */ = {
			isa = PBXResourcesBuildPhase;
			buildActionMask = 2147483647;
			files = (
			);
			runOnlyForDeploymentPostprocessing = 0;
		};
		D20682A02C3B9E3C00C4A319 /* Resources */ = {
			isa = PBXResourcesBuildPhase;
			buildActionMask = 2147483647;
			files = (
				D20682AD2C3B9E3E00C4A319 /* Preview Assets.xcassets in Resources */,
				D20682AA2C3B9E3E00C4A319 /* Assets.xcassets in Resources */,
				C3DCB4062C4E813E00359B46 /* Localizable.xcstrings in Resources */,
			);
			runOnlyForDeploymentPostprocessing = 0;
		};
/* End PBXResourcesBuildPhase section */

/* Begin PBXSourcesBuildPhase section */
		C3DCB3BF2C4AA94300359B46 /* Sources */ = {
			isa = PBXSourcesBuildPhase;
			buildActionMask = 2147483647;
			files = (
				C3DCB3F42C4AAB0A00359B46 /* EventStore.swift in Sources */,
				C3DCB3CB2C4AA94400359B46 /* WaterWidgetBundle.swift in Sources */,
				C3DCB3CD2C4AA94400359B46 /* WaterWidget.swift in Sources */,
				C3DCB4042C4E4B3700359B46 /* DTOs.swift in Sources */,
				C3DCB3EB2C4AA9BA00359B46 /* ConfigurationIntent.intentdefinition in Sources */,
				C3DCB3F02C4AAAEA00359B46 /* EventItem.swift in Sources */,
			);
			runOnlyForDeploymentPostprocessing = 0;
		};
		C3DCB3D82C4AA96C00359B46 /* Sources */ = {
			isa = PBXSourcesBuildPhase;
			buildActionMask = 2147483647;
			files = (
				C3DCB3E12C4AA96C00359B46 /* IntentHandler.swift in Sources */,
				C3DCB3EC2C4AA9BA00359B46 /* ConfigurationIntent.intentdefinition in Sources */,
				C3DCB3F52C4AAB0A00359B46 /* EventStore.swift in Sources */,
			);
			runOnlyForDeploymentPostprocessing = 0;
		};
		D206829E2C3B9E3C00C4A319 /* Sources */ = {
			isa = PBXSourcesBuildPhase;
			buildActionMask = 2147483647;
			files = (
				2E522BEB2C4AF7F600FFA145 /* DateModel.swift in Sources */,
				D20682D82C3BAEB000C4A319 /* DateTimeFormatter.swift in Sources */,
				D2A365DD2C469BE60054A5FC /* WaterService.swift in Sources */,
				C3DCB3F32C4AAB0A00359B46 /* EventStore.swift in Sources */,
				D20682A82C3B9E3C00C4A319 /* ContentViewAfterOB.swift in Sources */,
				D2FF28152C45521A0033A404 /* DeviceListView.swift in Sources */,
				D20682B62C3B9EBD00C4A319 /* SettingsView.swift in Sources */,
				2E97F6CA2C4DEE8600C7AE66 /* ChangableAvatarView.swift in Sources */,
				D2FF28092C45091F0033A404 /* GreenTextField.swift in Sources */,
				D29F7C9E2C3E616A00BBE0DE /* CameraView.swift in Sources */,
				D2C739C32C43F9AA0010B6C9 /* FlowerListView.swift in Sources */,
				2E522BE62C4AE46C00FFA145 /* DTOs.swift in Sources */,
				D20682D42C3BAB2100C4A319 /* StringExtension.swift in Sources */,
				D2FF28192C4552690033A404 /* DeviceTileView.swift in Sources */,
				2E97F6C62C4DEDE900C7AE66 /* PlantImage.swift in Sources */,
				D20682A62C3B9E3C00C4A319 /* PlantAppApp.swift in Sources */,
				D20682BE2C3B9F4600C4A319 /* TabBar.swift in Sources */,
				2E97F6C82C4DEE0700C7AE66 /* PlantModel.swift in Sources */,
				D20682CB2C3BA28B00C4A319 /* WateringScheduleView.swift in Sources */,
				D2FF28172C45524B0033A404 /* SettingsDeviceListView.swift in Sources */,
				2E522BE42C4ACC2700FFA145 /* YandexAuthField.swift in Sources */,
				D2FF281B2C4552980033A404 /* SettingsDeviceTileView.swift in Sources */,
				2E97F6C32C4DEAD900C7AE66 /* OnBordingV.swift in Sources */,
				2E522BE22C4ACC2000FFA145 /* SingleDigitTextField.swift in Sources */,
				D20682C42C3B9FF300C4A319 /* AppearanceView.swift in Sources */,
				D2A365DF2C46B5150054A5FC /* NotificationDelegate.swift in Sources */,
				C3DCB3EA2C4AA9BA00359B46 /* ConfigurationIntent.intentdefinition in Sources */,
				D20682DD2C3BAF7300C4A319 /* PlantInfoField.swift in Sources */,
				D2A2B3692C3FC1D100164139 /* ColorLightDark.swift in Sources */,
				D20682C22C3B9FC300C4A319 /* AppInfoView.swift in Sources */,
				D2FF280B2C453AB10033A404 /* SickPlantView.swift in Sources */,
				2E522BDE2C4ACC0D00FFA145 /* DevicesView.swift in Sources */,
				D20682C02C3B9F9800C4A319 /* SettingsTileView.swift in Sources */,
				2E522BE92C4AF79600FFA145 /* ConnectDeviceService.swift in Sources */,
				D21D55122C3EC7D700B47123 /* EditCapturedPlantView.swift in Sources */,
				D2FF280F2C454FED0033A404 /* RepeatWatering.swift in Sources */,
				D2A2B36E2C40EBA500164139 /* NewDeviceView.swift in Sources */,
				D2A2B3702C40EE0900164139 /* Plant.swift in Sources */,
				C3DCB3EF2C4AAAEA00359B46 /* EventItem.swift in Sources */,
				2E97F6BE2C4B4F4B00C7AE66 /* Constants.swift in Sources */,
				D20682C62C3BA01500C4A319 /* DeveloperInfoView.swift in Sources */,
				D20682DB2C3BAF4D00C4A319 /* InformationForPlant.swift in Sources */,
				D20682D12C3BA3B500C4A319 /* DetailedScheduleView.swift in Sources */,
				D2FF28112C4550DF0033A404 /* DeviceModel.swift in Sources */,
				2E97F6C12C4DEABB00C7AE66 /* ContentView.swift in Sources */,
				2E522BED2C4AF84700FFA145 /* MyStepper.swift in Sources */,
				D20682B42C3B9EAA00C4A319 /* PlantCollectionView.swift in Sources */,
				2E522BE02C4ACC1900FFA145 /* Profile.swift in Sources */,
				D20682B82C3B9ECC00C4A319 /* AddPlantView.swift in Sources */,
				D2A2B36B2C3FC79800164139 /* ColorExtensions.swift in Sources */,
			);
			runOnlyForDeploymentPostprocessing = 0;
		};
/* End PBXSourcesBuildPhase section */

/* Begin PBXTargetDependency section */
		C3DCB3D22C4AA94500359B46 /* PBXTargetDependency */ = {
			isa = PBXTargetDependency;
			target = C3DCB3C22C4AA94300359B46 /* WaterWidgetExtension */;
			targetProxy = C3DCB3D12C4AA94500359B46 /* PBXContainerItemProxy */;
		};
		C3DCB3E42C4AA96C00359B46 /* PBXTargetDependency */ = {
			isa = PBXTargetDependency;
			target = C3DCB3DB2C4AA96C00359B46 /* ConfigurationIntent */;
			targetProxy = C3DCB3E32C4AA96C00359B46 /* PBXContainerItemProxy */;
		};
/* End PBXTargetDependency section */

/* Begin XCBuildConfiguration section */
		C3DCB3D52C4AA94500359B46 /* Debug */ = {
			isa = XCBuildConfiguration;
			buildSettings = {
				ASSETCATALOG_COMPILER_GENERATE_SWIFT_ASSET_SYMBOL_EXTENSIONS = YES;
				ASSETCATALOG_COMPILER_GLOBAL_ACCENT_COLOR_NAME = AccentColor;
				ASSETCATALOG_COMPILER_WIDGET_BACKGROUND_COLOR_NAME = WidgetBackground;
				CODE_SIGN_ENTITLEMENTS = WaterWidgetExtension.entitlements;
				CODE_SIGN_STYLE = Automatic;
				CURRENT_PROJECT_VERSION = 1;
				DEVELOPMENT_TEAM = FUD5CPHJR9;
				ENABLE_USER_SCRIPT_SANDBOXING = YES;
				GCC_C_LANGUAGE_STANDARD = gnu17;
				GENERATE_INFOPLIST_FILE = YES;
				INFOPLIST_FILE = WaterWidget/Info.plist;
				INFOPLIST_KEY_CFBundleDisplayName = WaterWidget;
				INFOPLIST_KEY_NSHumanReadableCopyright = "";
				IPHONEOS_DEPLOYMENT_TARGET = 17.0;
				LD_RUNPATH_SEARCH_PATHS = (
					"$(inherited)",
					"@executable_path/Frameworks",
					"@executable_path/../../Frameworks",
				);
				LOCALIZATION_PREFERS_STRING_CATALOGS = YES;
				MARKETING_VERSION = 1.0;
				PRODUCT_BUNDLE_IDENTIFIER = su.brf.apps.PlantPal.WaterWidgets;
				PRODUCT_NAME = "$(TARGET_NAME)";
				SKIP_INSTALL = YES;
				SWIFT_ACTIVE_COMPILATION_CONDITIONS = "DEBUG $(inherited)";
				SWIFT_EMIT_LOC_STRINGS = YES;
				SWIFT_VERSION = 5.0;
				TARGETED_DEVICE_FAMILY = "1,2";
			};
			name = Debug;
		};
		C3DCB3D62C4AA94500359B46 /* Release */ = {
			isa = XCBuildConfiguration;
			buildSettings = {
				ASSETCATALOG_COMPILER_GENERATE_SWIFT_ASSET_SYMBOL_EXTENSIONS = YES;
				ASSETCATALOG_COMPILER_GLOBAL_ACCENT_COLOR_NAME = AccentColor;
				ASSETCATALOG_COMPILER_WIDGET_BACKGROUND_COLOR_NAME = WidgetBackground;
				CODE_SIGN_ENTITLEMENTS = WaterWidgetExtension.entitlements;
				CODE_SIGN_STYLE = Automatic;
				CURRENT_PROJECT_VERSION = 1;
				DEVELOPMENT_TEAM = FUD5CPHJR9;
				ENABLE_USER_SCRIPT_SANDBOXING = YES;
				GCC_C_LANGUAGE_STANDARD = gnu17;
				GENERATE_INFOPLIST_FILE = YES;
				INFOPLIST_FILE = WaterWidget/Info.plist;
				INFOPLIST_KEY_CFBundleDisplayName = WaterWidget;
				INFOPLIST_KEY_NSHumanReadableCopyright = "";
				IPHONEOS_DEPLOYMENT_TARGET = 17.0;
				LD_RUNPATH_SEARCH_PATHS = (
					"$(inherited)",
					"@executable_path/Frameworks",
					"@executable_path/../../Frameworks",
				);
				LOCALIZATION_PREFERS_STRING_CATALOGS = YES;
				MARKETING_VERSION = 1.0;
				PRODUCT_BUNDLE_IDENTIFIER = su.brf.apps.PlantPal.WaterWidgets;
				PRODUCT_NAME = "$(TARGET_NAME)";
				SKIP_INSTALL = YES;
				SWIFT_EMIT_LOC_STRINGS = YES;
				SWIFT_VERSION = 5.0;
				TARGETED_DEVICE_FAMILY = "1,2";
			};
			name = Release;
		};
		C3DCB3E72C4AA96C00359B46 /* Debug */ = {
			isa = XCBuildConfiguration;
			buildSettings = {
				ASSETCATALOG_COMPILER_GENERATE_SWIFT_ASSET_SYMBOL_EXTENSIONS = YES;
				CODE_SIGN_ENTITLEMENTS = ConfigurationIntent/ConfigurationIntent.entitlements;
				CODE_SIGN_STYLE = Automatic;
				CURRENT_PROJECT_VERSION = 1;
				DEVELOPMENT_TEAM = FUD5CPHJR9;
				ENABLE_USER_SCRIPT_SANDBOXING = YES;
				GCC_C_LANGUAGE_STANDARD = gnu17;
				GENERATE_INFOPLIST_FILE = YES;
				INFOPLIST_FILE = ConfigurationIntent/Info.plist;
				INFOPLIST_KEY_CFBundleDisplayName = ConfigurationIntent;
				INFOPLIST_KEY_NSHumanReadableCopyright = "";
				IPHONEOS_DEPLOYMENT_TARGET = 17.0;
				LD_RUNPATH_SEARCH_PATHS = (
					"$(inherited)",
					"@executable_path/Frameworks",
					"@executable_path/../../Frameworks",
				);
				LOCALIZATION_PREFERS_STRING_CATALOGS = YES;
				MARKETING_VERSION = 1.0;
				PRODUCT_BUNDLE_IDENTIFIER = su.brf.apps.PlantPal.ConfigurationIntents;
				PRODUCT_NAME = "$(TARGET_NAME)";
				SKIP_INSTALL = YES;
				SWIFT_ACTIVE_COMPILATION_CONDITIONS = "DEBUG $(inherited)";
				SWIFT_EMIT_LOC_STRINGS = YES;
				SWIFT_VERSION = 5.0;
				TARGETED_DEVICE_FAMILY = "1,2";
			};
			name = Debug;
		};
		C3DCB3E82C4AA96C00359B46 /* Release */ = {
			isa = XCBuildConfiguration;
			buildSettings = {
				ASSETCATALOG_COMPILER_GENERATE_SWIFT_ASSET_SYMBOL_EXTENSIONS = YES;
				CODE_SIGN_ENTITLEMENTS = ConfigurationIntent/ConfigurationIntent.entitlements;
				CODE_SIGN_STYLE = Automatic;
				CURRENT_PROJECT_VERSION = 1;
				DEVELOPMENT_TEAM = FUD5CPHJR9;
				ENABLE_USER_SCRIPT_SANDBOXING = YES;
				GCC_C_LANGUAGE_STANDARD = gnu17;
				GENERATE_INFOPLIST_FILE = YES;
				INFOPLIST_FILE = ConfigurationIntent/Info.plist;
				INFOPLIST_KEY_CFBundleDisplayName = ConfigurationIntent;
				INFOPLIST_KEY_NSHumanReadableCopyright = "";
				IPHONEOS_DEPLOYMENT_TARGET = 17.0;
				LD_RUNPATH_SEARCH_PATHS = (
					"$(inherited)",
					"@executable_path/Frameworks",
					"@executable_path/../../Frameworks",
				);
				LOCALIZATION_PREFERS_STRING_CATALOGS = YES;
				MARKETING_VERSION = 1.0;
				PRODUCT_BUNDLE_IDENTIFIER = su.brf.apps.PlantPal.ConfigurationIntents;
				PRODUCT_NAME = "$(TARGET_NAME)";
				SKIP_INSTALL = YES;
				SWIFT_EMIT_LOC_STRINGS = YES;
				SWIFT_VERSION = 5.0;
				TARGETED_DEVICE_FAMILY = "1,2";
			};
			name = Release;
		};
		D20682AE2C3B9E3E00C4A319 /* Debug */ = {
			isa = XCBuildConfiguration;
			buildSettings = {
				ALWAYS_SEARCH_USER_PATHS = NO;
				CLANG_ANALYZER_NONNULL = YES;
				CLANG_ANALYZER_NUMBER_OBJECT_CONVERSION = YES_AGGRESSIVE;
				CLANG_CXX_LANGUAGE_STANDARD = "gnu++20";
				CLANG_ENABLE_MODULES = YES;
				CLANG_ENABLE_OBJC_ARC = YES;
				CLANG_ENABLE_OBJC_WEAK = YES;
				CLANG_WARN_BLOCK_CAPTURE_AUTORELEASING = YES;
				CLANG_WARN_BOOL_CONVERSION = YES;
				CLANG_WARN_COMMA = YES;
				CLANG_WARN_CONSTANT_CONVERSION = YES;
				CLANG_WARN_DEPRECATED_OBJC_IMPLEMENTATIONS = YES;
				CLANG_WARN_DIRECT_OBJC_ISA_USAGE = YES_ERROR;
				CLANG_WARN_DOCUMENTATION_COMMENTS = YES;
				CLANG_WARN_EMPTY_BODY = YES;
				CLANG_WARN_ENUM_CONVERSION = YES;
				CLANG_WARN_INFINITE_RECURSION = YES;
				CLANG_WARN_INT_CONVERSION = YES;
				CLANG_WARN_NON_LITERAL_NULL_CONVERSION = YES;
				CLANG_WARN_OBJC_IMPLICIT_RETAIN_SELF = YES;
				CLANG_WARN_OBJC_LITERAL_CONVERSION = YES;
				CLANG_WARN_OBJC_ROOT_CLASS = YES_ERROR;
				CLANG_WARN_QUOTED_INCLUDE_IN_FRAMEWORK_HEADER = YES;
				CLANG_WARN_RANGE_LOOP_ANALYSIS = YES;
				CLANG_WARN_STRICT_PROTOTYPES = YES;
				CLANG_WARN_SUSPICIOUS_MOVE = YES;
				CLANG_WARN_UNGUARDED_AVAILABILITY = YES_AGGRESSIVE;
				CLANG_WARN_UNREACHABLE_CODE = YES;
				CLANG_WARN__DUPLICATE_METHOD_MATCH = YES;
				COPY_PHASE_STRIP = NO;
				DEBUG_INFORMATION_FORMAT = dwarf;
				ENABLE_STRICT_OBJC_MSGSEND = YES;
				ENABLE_TESTABILITY = YES;
				GCC_C_LANGUAGE_STANDARD = gnu11;
				GCC_DYNAMIC_NO_PIC = NO;
				GCC_NO_COMMON_BLOCKS = YES;
				GCC_OPTIMIZATION_LEVEL = 0;
				GCC_PREPROCESSOR_DEFINITIONS = (
					"DEBUG=1",
					"$(inherited)",
				);
				GCC_WARN_64_TO_32_BIT_CONVERSION = YES;
				GCC_WARN_ABOUT_RETURN_TYPE = YES_ERROR;
				GCC_WARN_UNDECLARED_SELECTOR = YES;
				GCC_WARN_UNINITIALIZED_AUTOS = YES_AGGRESSIVE;
				GCC_WARN_UNUSED_FUNCTION = YES;
				GCC_WARN_UNUSED_VARIABLE = YES;
				IPHONEOS_DEPLOYMENT_TARGET = 17.0;
				MTL_ENABLE_DEBUG_INFO = INCLUDE_SOURCE;
				MTL_FAST_MATH = YES;
				ONLY_ACTIVE_ARCH = YES;
				SDKROOT = iphoneos;
				SWIFT_ACTIVE_COMPILATION_CONDITIONS = DEBUG;
				SWIFT_OPTIMIZATION_LEVEL = "-Onone";
			};
			name = Debug;
		};
		D20682AF2C3B9E3E00C4A319 /* Release */ = {
			isa = XCBuildConfiguration;
			buildSettings = {
				ALWAYS_SEARCH_USER_PATHS = NO;
				CLANG_ANALYZER_NONNULL = YES;
				CLANG_ANALYZER_NUMBER_OBJECT_CONVERSION = YES_AGGRESSIVE;
				CLANG_CXX_LANGUAGE_STANDARD = "gnu++20";
				CLANG_ENABLE_MODULES = YES;
				CLANG_ENABLE_OBJC_ARC = YES;
				CLANG_ENABLE_OBJC_WEAK = YES;
				CLANG_WARN_BLOCK_CAPTURE_AUTORELEASING = YES;
				CLANG_WARN_BOOL_CONVERSION = YES;
				CLANG_WARN_COMMA = YES;
				CLANG_WARN_CONSTANT_CONVERSION = YES;
				CLANG_WARN_DEPRECATED_OBJC_IMPLEMENTATIONS = YES;
				CLANG_WARN_DIRECT_OBJC_ISA_USAGE = YES_ERROR;
				CLANG_WARN_DOCUMENTATION_COMMENTS = YES;
				CLANG_WARN_EMPTY_BODY = YES;
				CLANG_WARN_ENUM_CONVERSION = YES;
				CLANG_WARN_INFINITE_RECURSION = YES;
				CLANG_WARN_INT_CONVERSION = YES;
				CLANG_WARN_NON_LITERAL_NULL_CONVERSION = YES;
				CLANG_WARN_OBJC_IMPLICIT_RETAIN_SELF = YES;
				CLANG_WARN_OBJC_LITERAL_CONVERSION = YES;
				CLANG_WARN_OBJC_ROOT_CLASS = YES_ERROR;
				CLANG_WARN_QUOTED_INCLUDE_IN_FRAMEWORK_HEADER = YES;
				CLANG_WARN_RANGE_LOOP_ANALYSIS = YES;
				CLANG_WARN_STRICT_PROTOTYPES = YES;
				CLANG_WARN_SUSPICIOUS_MOVE = YES;
				CLANG_WARN_UNGUARDED_AVAILABILITY = YES_AGGRESSIVE;
				CLANG_WARN_UNREACHABLE_CODE = YES;
				CLANG_WARN__DUPLICATE_METHOD_MATCH = YES;
				COPY_PHASE_STRIP = NO;
				DEBUG_INFORMATION_FORMAT = "dwarf-with-dsym";
				ENABLE_NS_ASSERTIONS = NO;
				ENABLE_STRICT_OBJC_MSGSEND = YES;
				GCC_C_LANGUAGE_STANDARD = gnu11;
				GCC_NO_COMMON_BLOCKS = YES;
				GCC_WARN_64_TO_32_BIT_CONVERSION = YES;
				GCC_WARN_ABOUT_RETURN_TYPE = YES_ERROR;
				GCC_WARN_UNDECLARED_SELECTOR = YES;
				GCC_WARN_UNINITIALIZED_AUTOS = YES_AGGRESSIVE;
				GCC_WARN_UNUSED_FUNCTION = YES;
				GCC_WARN_UNUSED_VARIABLE = YES;
				IPHONEOS_DEPLOYMENT_TARGET = 17.0;
				MTL_ENABLE_DEBUG_INFO = NO;
				MTL_FAST_MATH = YES;
				SDKROOT = iphoneos;
				SWIFT_COMPILATION_MODE = wholemodule;
				SWIFT_OPTIMIZATION_LEVEL = "-O";
				VALIDATE_PRODUCT = YES;
			};
			name = Release;
		};
		D20682B12C3B9E3E00C4A319 /* Debug */ = {
			isa = XCBuildConfiguration;
			buildSettings = {
				ALWAYS_EMBED_SWIFT_STANDARD_LIBRARIES = YES;
				ASSETCATALOG_COMPILER_APPICON_NAME = AppIcon;
				ASSETCATALOG_COMPILER_GLOBAL_ACCENT_COLOR_NAME = AccentColor;
				CODE_SIGN_ENTITLEMENTS = PlantApp/PlantApp.entitlements;
				CODE_SIGN_STYLE = Automatic;
				CURRENT_PROJECT_VERSION = 1;
				DEVELOPMENT_ASSET_PATHS = "\"PlantApp/Preview Content\"";
				DEVELOPMENT_TEAM = FUD5CPHJR9;
				ENABLE_PREVIEWS = YES;
				GENERATE_INFOPLIST_FILE = YES;
				INFOPLIST_FILE = iOS/info.plist;
				INFOPLIST_KEY_NSCameraUsageDescription = 1.0;
				INFOPLIST_KEY_NSMicrophoneUsageDescription = "";
				INFOPLIST_KEY_UIApplicationSceneManifest_Generation = YES;
				INFOPLIST_KEY_UIApplicationSupportsIndirectInputEvents = YES;
				INFOPLIST_KEY_UILaunchScreen_Generation = YES;
				INFOPLIST_KEY_UISupportedInterfaceOrientations_iPad = "UIInterfaceOrientationPortrait UIInterfaceOrientationPortraitUpsideDown UIInterfaceOrientationLandscapeLeft UIInterfaceOrientationLandscapeRight";
				INFOPLIST_KEY_UISupportedInterfaceOrientations_iPhone = "UIInterfaceOrientationPortrait UIInterfaceOrientationLandscapeLeft UIInterfaceOrientationLandscapeRight";
				IPHONEOS_DEPLOYMENT_TARGET = 17.0;
				LD_RUNPATH_SEARCH_PATHS = (
					"$(inherited)",
					"@executable_path/Frameworks",
				);
				MARKETING_VERSION = 1.0;
				PRODUCT_BUNDLE_IDENTIFIER = su.brf.apps.PlantPal;
				PRODUCT_NAME = "$(TARGET_NAME)";
				SWIFT_EMIT_LOC_STRINGS = YES;
				SWIFT_VERSION = 5.0;
				TARGETED_DEVICE_FAMILY = "1,2";
			};
			name = Debug;
		};
		D20682B22C3B9E3E00C4A319 /* Release */ = {
			isa = XCBuildConfiguration;
			buildSettings = {
				ALWAYS_EMBED_SWIFT_STANDARD_LIBRARIES = YES;
				ASSETCATALOG_COMPILER_APPICON_NAME = AppIcon;
				ASSETCATALOG_COMPILER_GLOBAL_ACCENT_COLOR_NAME = AccentColor;
				CODE_SIGN_ENTITLEMENTS = PlantApp/PlantApp.entitlements;
				CODE_SIGN_STYLE = Automatic;
				CURRENT_PROJECT_VERSION = 1;
				DEVELOPMENT_ASSET_PATHS = "\"PlantApp/Preview Content\"";
				DEVELOPMENT_TEAM = FUD5CPHJR9;
				ENABLE_PREVIEWS = YES;
				GENERATE_INFOPLIST_FILE = YES;
				INFOPLIST_FILE = iOS/info.plist;
				INFOPLIST_KEY_NSCameraUsageDescription = 1.0;
				INFOPLIST_KEY_NSMicrophoneUsageDescription = "";
				INFOPLIST_KEY_UIApplicationSceneManifest_Generation = YES;
				INFOPLIST_KEY_UIApplicationSupportsIndirectInputEvents = YES;
				INFOPLIST_KEY_UILaunchScreen_Generation = YES;
				INFOPLIST_KEY_UISupportedInterfaceOrientations_iPad = "UIInterfaceOrientationPortrait UIInterfaceOrientationPortraitUpsideDown UIInterfaceOrientationLandscapeLeft UIInterfaceOrientationLandscapeRight";
				INFOPLIST_KEY_UISupportedInterfaceOrientations_iPhone = "UIInterfaceOrientationPortrait UIInterfaceOrientationLandscapeLeft UIInterfaceOrientationLandscapeRight";
				IPHONEOS_DEPLOYMENT_TARGET = 17.0;
				LD_RUNPATH_SEARCH_PATHS = (
					"$(inherited)",
					"@executable_path/Frameworks",
				);
				MARKETING_VERSION = 1.0;
				PRODUCT_BUNDLE_IDENTIFIER = su.brf.apps.PlantPal;
				PRODUCT_NAME = "$(TARGET_NAME)";
				SWIFT_EMIT_LOC_STRINGS = YES;
				SWIFT_VERSION = 5.0;
				TARGETED_DEVICE_FAMILY = "1,2";
			};
			name = Release;
		};
/* End XCBuildConfiguration section */

/* Begin XCConfigurationList section */
		C3DCB3D72C4AA94500359B46 /* Build configuration list for PBXNativeTarget "WaterWidgetExtension" */ = {
			isa = XCConfigurationList;
			buildConfigurations = (
				C3DCB3D52C4AA94500359B46 /* Debug */,
				C3DCB3D62C4AA94500359B46 /* Release */,
			);
			defaultConfigurationIsVisible = 0;
			defaultConfigurationName = Release;
		};
		C3DCB3E62C4AA96C00359B46 /* Build configuration list for PBXNativeTarget "ConfigurationIntent" */ = {
			isa = XCConfigurationList;
			buildConfigurations = (
				C3DCB3E72C4AA96C00359B46 /* Debug */,
				C3DCB3E82C4AA96C00359B46 /* Release */,
			);
			defaultConfigurationIsVisible = 0;
			defaultConfigurationName = Release;
		};
		D206829D2C3B9E3C00C4A319 /* Build configuration list for PBXProject "PlantApp" */ = {
			isa = XCConfigurationList;
			buildConfigurations = (
				D20682AE2C3B9E3E00C4A319 /* Debug */,
				D20682AF2C3B9E3E00C4A319 /* Release */,
			);
			defaultConfigurationIsVisible = 0;
			defaultConfigurationName = Release;
		};
		D20682B02C3B9E3E00C4A319 /* Build configuration list for PBXNativeTarget "PlantApp" */ = {
			isa = XCConfigurationList;
			buildConfigurations = (
				D20682B12C3B9E3E00C4A319 /* Debug */,
				D20682B22C3B9E3E00C4A319 /* Release */,
			);
			defaultConfigurationIsVisible = 0;
			defaultConfigurationName = Release;
		};
/* End XCConfigurationList section */
	};
	rootObject = D206829A2C3B9E3C00C4A319 /* Project object */;
}
